
Microsoft Visual Studio Solution File, Format Version 12.00
Project("{FAE04EC0-301F-11D3-BF4B-00C04F79EFBC}") = "Calculator.WebApi", "Calculator.WebApi\Calculator.WebApi.csproj", "{E7855234-8FEC-438F-A1A1-80A2231689DD}"
EndProject
Project("{2150E333-8FDC-42A3-9474-1A3956D46DE8}") = "backend", "backend", "{D10490FA-8906-45E3-9031-3FF9F6961177}"
EndProject
Project("{2150E333-8FDC-42A3-9474-1A3956D46DE8}") = "frontend", "frontend", "{9BA2EC6C-899D-46ED-98E5-C92901E04EA9}"
EndProject
Project("{FAE04EC0-301F-11D3-BF4B-00C04F79EFBC}") = "CalculatorClient", "CalculatorClient\CalculatorClient.csproj", "{12E12004-5BA3-4D18-BF9C-E3947B0A8787}"
EndProject
Project("{FAE04EC0-301F-11D3-BF4B-00C04F79EFBC}") = "Calculator.Tests", "Calculator.Tests\Calculator.Tests.csproj", "{03424BEC-DFCC-432C-B30C-B98629105B71}"
EndProject
Global
	GlobalSection(SolutionConfigurationPlatforms) = preSolution
		Debug|Any CPU = Debug|Any CPU
		Release|Any CPU = Release|Any CPU
	EndGlobalSection
	GlobalSection(ProjectConfigurationPlatforms) = postSolution
		{E7855234-8FEC-438F-A1A1-80A2231689DD}.Debug|Any CPU.ActiveCfg = Debug|Any CPU
		{E7855234-8FEC-438F-A1A1-80A2231689DD}.Debug|Any CPU.Build.0 = Debug|Any CPU
		{E7855234-8FEC-438F-A1A1-80A2231689DD}.Release|Any CPU.ActiveCfg = Release|Any CPU
		{E7855234-8FEC-438F-A1A1-80A2231689DD}.Release|Any CPU.Build.0 = Release|Any CPU
		{12E12004-5BA3-4D18-BF9C-E3947B0A8787}.Debug|Any CPU.ActiveCfg = Debug|Any CPU
		{12E12004-5BA3-4D18-BF9C-E3947B0A8787}.Debug|Any CPU.Build.0 = Debug|Any CPU
		{12E12004-5BA3-4D18-BF9C-E3947B0A8787}.Release|Any CPU.ActiveCfg = Release|Any CPU
		{12E12004-5BA3-4D18-BF9C-E3947B0A8787}.Release|Any CPU.Build.0 = Release|Any CPU
		{03424BEC-DFCC-432C-B30C-B98629105B71}.Debug|Any CPU.ActiveCfg = Debug|Any CPU
		{03424BEC-DFCC-432C-B30C-B98629105B71}.Debug|Any CPU.Build.0 = Debug|Any CPU
		{03424BEC-DFCC-432C-B30C-B98629105B71}.Release|Any CPU.ActiveCfg = Release|Any CPU
		{03424BEC-DFCC-432C-B30C-B98629105B71}.Release|Any CPU.Build.0 = Release|Any CPU
	EndGlobalSection
	GlobalSection(NestedProjects) = preSolution
		{E7855234-8FEC-438F-A1A1-80A2231689DD} = {D10490FA-8906-45E3-9031-3FF9F6961177}
		{12E12004-5BA3-4D18-BF9C-E3947B0A8787} = {9BA2EC6C-899D-46ED-98E5-C92901E04EA9}
		{03424BEC-DFCC-432C-B30C-B98629105B71} = {D10490FA-8906-45E3-9031-3FF9F6961177}
	EndGlobalSection
EndGlobal
